
Microsoft Visual Studio Solution File, Format Version 12.00
# Visual Studio Version 16
VisualStudioVersion = 16.0.31025.194
MinimumVisualStudioVersion = 10.0.40219.1
Project("{FAE04EC0-301F-11D3-BF4B-00C04F79EFBC}") = "ConsoleAppHomeWork", "ConsoleAppHomeWork.csproj", "{BC2318CB-1FDA-4858-8AB5-5F8082119965}"
EndProject
Global
	GlobalSection(SolutionConfigurationPlatforms) = preSolution
		Debug|Any CPU = Debug|Any CPU
		Release|Any CPU = Release|Any CPU
	EndGlobalSection
	GlobalSection(ProjectConfigurationPlatforms) = postSolution
		{BC2318CB-1FDA-4858-8AB5-5F8082119965}.Debug|Any CPU.ActiveCfg = Debug|Any CPU
		{BC2318CB-1FDA-4858-8AB5-5F8082119965}.Debug|Any CPU.Build.0 = Debug|Any CPU
		{BC2318CB-1FDA-4858-8AB5-5F8082119965}.Release|Any CPU.ActiveCfg = Release|Any CPU
		{BC2318CB-1FDA-4858-8AB5-5F8082119965}.Release|Any CPU.Build.0 = Release|Any CPU
	EndGlobalSection
	GlobalSection(SolutionProperties) = preSolution
		HideSolutionNode = FALSE
	EndGlobalSection
	GlobalSection(ExtensibilityGlobals) = postSolution
		SolutionGuid = {8B00157E-88B6-4C55-8F70-378E75F119D3}
	EndGlobalSection
EndGlobal
