
Microsoft Visual Studio Solution File, Format Version 12.00
# Visual Studio Version 16
VisualStudioVersion = 16.0.30711.63
MinimumVisualStudioVersion = 10.0.40219.1
Project("{FAE04EC0-301F-11D3-BF4B-00C04F79EFBC}") = "MySQL", "MySQL.csproj", "{00BEF2E2-F64D-46CA-9E65-86C82ACF9070}"
EndProject
Global
	GlobalSection(SolutionConfigurationPlatforms) = preSolution
		Debug|Any CPU = Debug|Any CPU
		Release|Any CPU = Release|Any CPU
	EndGlobalSection
	GlobalSection(ProjectConfigurationPlatforms) = postSolution
		{00BEF2E2-F64D-46CA-9E65-86C82ACF9070}.Debug|Any CPU.ActiveCfg = Debug|Any CPU
		{00BEF2E2-F64D-46CA-9E65-86C82ACF9070}.Debug|Any CPU.Build.0 = Debug|Any CPU
		{00BEF2E2-F64D-46CA-9E65-86C82ACF9070}.Release|Any CPU.ActiveCfg = Release|Any CPU
		{00BEF2E2-F64D-46CA-9E65-86C82ACF9070}.Release|Any CPU.Build.0 = Release|Any CPU
	EndGlobalSection
	GlobalSection(SolutionProperties) = preSolution
		HideSolutionNode = FALSE
	EndGlobalSection
	GlobalSection(ExtensibilityGlobals) = postSolution
		SolutionGuid = {08D0D2D0-94C4-48F3-941F-5BDF5E23C466}
	EndGlobalSection
EndGlobal
